
Microsoft Visual Studio Solution File, Format Version 12.00
# Visual Studio Version 16
VisualStudioVersion = 16.0.30225.117
MinimumVisualStudioVersion = 10.0.40219.1
Project("{2150E333-8FDC-42A3-9474-1A3956D46DE8}") = "src", "src", "{35A7A756-3114-4B54-ADD1-F6D3E306575F}"
EndProject
Project("{2150E333-8FDC-42A3-9474-1A3956D46DE8}") = "Solution Items", "Solution Items", "{D677863B-4984-4897-8BB4-0246D602B3B3}"
	ProjectSection(SolutionItems) = preProject
		README.md = README.md
	EndProjectSection
EndProject
Project("{2150E333-8FDC-42A3-9474-1A3956D46DE8}") = "test", "test", "{DCCE42C7-C9D3-43DE-931D-B6A68FD0D1D3}"
EndProject
Project("{9A19103F-16F7-4668-BE54-9A1E7A4F7556}") = "Wei.Abp.BlobStoring.TencentCloudCos", "src\Wei.Abp.BlobStoring.TencentCloudCos\Wei.Abp.BlobStoring.TencentCloudCos.csproj", "{89CB9204-A1A7-4B22-9D2E-25AF0FBFD26A}"
EndProject
Project("{9A19103F-16F7-4668-BE54-9A1E7A4F7556}") = "Wei.Abp.Sms.TencentCloud", "src\Wei.Abp.Sms.TencentCloud\Wei.Abp.Sms.TencentCloud.csproj", "{EBA100F7-A9B0-40AF-A048-F86C118C1D05}"
EndProject
Project("{9A19103F-16F7-4668-BE54-9A1E7A4F7556}") = "Wei.Abp.BlobStoring.TencentCloudCos.Tests", "test\Wei.Abp.BlobStoring.TencentCloudCos.Tests\Wei.Abp.BlobStoring.TencentCloudCos.Tests.csproj", "{30BA78A4-8BC0-4C33-8FEB-FC1C8E32CE4C}"
EndProject
Project("{9A19103F-16F7-4668-BE54-9A1E7A4F7556}") = "Wei.Abp.Sms.TencentCloud.Tests", "test\Wei.Abp.Sms.TencentCloud.Tests\Wei.Abp.Sms.TencentCloud.Tests.csproj", "{09347707-62E3-43D5-BE43-2E6C8B87FCE3}"
EndProject
Project("{9A19103F-16F7-4668-BE54-9A1E7A4F7556}") = "Wei.Abp.AspNetCore", "src\Wei.Abp.AspNetCore\Wei.Abp.AspNetCore.csproj", "{68EF13BC-D092-4DC2-86F6-8534FA86DD71}"
EndProject
Project("{9A19103F-16F7-4668-BE54-9A1E7A4F7556}") = "Wei.Abp.Ocelot.Provider.ConsulClient", "src\Wei.Abp.Ocelot.Provider.ConsulClient\Wei.Abp.Ocelot.Provider.ConsulClient.csproj", "{152A6FDE-924F-43D0-BC6D-B37A5CE6F2D7}"
EndProject
Project("{2150E333-8FDC-42A3-9474-1A3956D46DE8}") = "modules", "modules", "{7691354C-D40D-47A9-8938-0532B1D3FF73}"
EndProject
Project("{2150E333-8FDC-42A3-9474-1A3956D46DE8}") = "notifications", "notifications", "{5CCF88FE-5585-4618-B2B0-6FAE2AA4D544}"
EndProject
Project("{2150E333-8FDC-42A3-9474-1A3956D46DE8}") = "src", "src", "{33F5249D-0C3C-408D-B56B-74E1B686C725}"
EndProject
Project("{9A19103F-16F7-4668-BE54-9A1E7A4F7556}") = "Wei.Abp.Notifications.Application", "modules\notifications\Notifications.Application\Wei.Abp.Notifications.Application.csproj", "{3186E5BB-AB1A-4EB5-B932-323BC078AE8A}"
EndProject
Project("{9A19103F-16F7-4668-BE54-9A1E7A4F7556}") = "Wei.Abp.Notifications.Application.Contracts", "modules\notifications\Notifications.Application.Contracts\Wei.Abp.Notifications.Application.Contracts.csproj", "{FE254DF2-0FE2-4826-8BE4-5A3FAEF1DC79}"
EndProject
Project("{9A19103F-16F7-4668-BE54-9A1E7A4F7556}") = "Wei.Abp.Notifications.Domain", "modules\notifications\Notifications.Domain\Wei.Abp.Notifications.Domain.csproj", "{D97F4153-9714-44C5-AFE5-52BEF5F7133A}"
EndProject
Project("{9A19103F-16F7-4668-BE54-9A1E7A4F7556}") = "Wei.Abp.Notifications.Domain.Shared", "modules\notifications\Notifications.Domain.Shared\Wei.Abp.Notifications.Domain.Shared.csproj", "{69781838-2BF3-4E4B-819B-C7C39DBCB490}"
EndProject
Project("{9A19103F-16F7-4668-BE54-9A1E7A4F7556}") = "Wei.Abp.Notifications.EntityFrameworkCore", "modules\notifications\Notifications.EntityFrameworkCore\Wei.Abp.Notifications.EntityFrameworkCore.csproj", "{FD0C5AB8-5F11-4E99-ABBA-2F8EB529768B}"
EndProject
Project("{9A19103F-16F7-4668-BE54-9A1E7A4F7556}") = "Wei.Abp.Notifications.HttpApi", "modules\notifications\Notifications.HttpApi\Wei.Abp.Notifications.HttpApi.csproj", "{C0F2377D-A2A4-48C4-9B64-C7C3FC1CA044}"
EndProject
Project("{FAE04EC0-301F-11D3-BF4B-00C04F79EFBC}") = "Wei.Abp.Notifications.HttpApi.Client", "modules\notifications\Wei.Abp.Notifications.HttpApi.Client\Wei.Abp.Notifications.HttpApi.Client.csproj", "{F81709F4-A887-4A41-9762-7F47ADB45613}"
EndProject
Global
	GlobalSection(SolutionConfigurationPlatforms) = preSolution
		Debug|Any CPU = Debug|Any CPU
		Release|Any CPU = Release|Any CPU
	EndGlobalSection
	GlobalSection(ProjectConfigurationPlatforms) = postSolution
		{89CB9204-A1A7-4B22-9D2E-25AF0FBFD26A}.Debug|Any CPU.ActiveCfg = Debug|Any CPU
		{89CB9204-A1A7-4B22-9D2E-25AF0FBFD26A}.Debug|Any CPU.Build.0 = Debug|Any CPU
		{89CB9204-A1A7-4B22-9D2E-25AF0FBFD26A}.Release|Any CPU.ActiveCfg = Release|Any CPU
		{89CB9204-A1A7-4B22-9D2E-25AF0FBFD26A}.Release|Any CPU.Build.0 = Release|Any CPU
		{EBA100F7-A9B0-40AF-A048-F86C118C1D05}.Debug|Any CPU.ActiveCfg = Debug|Any CPU
		{EBA100F7-A9B0-40AF-A048-F86C118C1D05}.Debug|Any CPU.Build.0 = Debug|Any CPU
		{EBA100F7-A9B0-40AF-A048-F86C118C1D05}.Release|Any CPU.ActiveCfg = Release|Any CPU
		{EBA100F7-A9B0-40AF-A048-F86C118C1D05}.Release|Any CPU.Build.0 = Release|Any CPU
		{30BA78A4-8BC0-4C33-8FEB-FC1C8E32CE4C}.Debug|Any CPU.ActiveCfg = Debug|Any CPU
		{30BA78A4-8BC0-4C33-8FEB-FC1C8E32CE4C}.Debug|Any CPU.Build.0 = Debug|Any CPU
		{30BA78A4-8BC0-4C33-8FEB-FC1C8E32CE4C}.Release|Any CPU.ActiveCfg = Release|Any CPU
		{30BA78A4-8BC0-4C33-8FEB-FC1C8E32CE4C}.Release|Any CPU.Build.0 = Release|Any CPU
		{09347707-62E3-43D5-BE43-2E6C8B87FCE3}.Debug|Any CPU.ActiveCfg = Debug|Any CPU
		{09347707-62E3-43D5-BE43-2E6C8B87FCE3}.Debug|Any CPU.Build.0 = Debug|Any CPU
		{09347707-62E3-43D5-BE43-2E6C8B87FCE3}.Release|Any CPU.ActiveCfg = Release|Any CPU
		{09347707-62E3-43D5-BE43-2E6C8B87FCE3}.Release|Any CPU.Build.0 = Release|Any CPU
		{68EF13BC-D092-4DC2-86F6-8534FA86DD71}.Debug|Any CPU.ActiveCfg = Debug|Any CPU
		{68EF13BC-D092-4DC2-86F6-8534FA86DD71}.Debug|Any CPU.Build.0 = Debug|Any CPU
		{68EF13BC-D092-4DC2-86F6-8534FA86DD71}.Release|Any CPU.ActiveCfg = Release|Any CPU
		{68EF13BC-D092-4DC2-86F6-8534FA86DD71}.Release|Any CPU.Build.0 = Release|Any CPU
		{152A6FDE-924F-43D0-BC6D-B37A5CE6F2D7}.Debug|Any CPU.ActiveCfg = Debug|Any CPU
		{152A6FDE-924F-43D0-BC6D-B37A5CE6F2D7}.Debug|Any CPU.Build.0 = Debug|Any CPU
		{152A6FDE-924F-43D0-BC6D-B37A5CE6F2D7}.Release|Any CPU.ActiveCfg = Release|Any CPU
		{152A6FDE-924F-43D0-BC6D-B37A5CE6F2D7}.Release|Any CPU.Build.0 = Release|Any CPU
		{3186E5BB-AB1A-4EB5-B932-323BC078AE8A}.Debug|Any CPU.ActiveCfg = Debug|Any CPU
		{3186E5BB-AB1A-4EB5-B932-323BC078AE8A}.Debug|Any CPU.Build.0 = Debug|Any CPU
		{3186E5BB-AB1A-4EB5-B932-323BC078AE8A}.Release|Any CPU.ActiveCfg = Release|Any CPU
		{3186E5BB-AB1A-4EB5-B932-323BC078AE8A}.Release|Any CPU.Build.0 = Release|Any CPU
		{FE254DF2-0FE2-4826-8BE4-5A3FAEF1DC79}.Debug|Any CPU.ActiveCfg = Debug|Any CPU
		{FE254DF2-0FE2-4826-8BE4-5A3FAEF1DC79}.Debug|Any CPU.Build.0 = Debug|Any CPU
		{FE254DF2-0FE2-4826-8BE4-5A3FAEF1DC79}.Release|Any CPU.ActiveCfg = Release|Any CPU
		{FE254DF2-0FE2-4826-8BE4-5A3FAEF1DC79}.Release|Any CPU.Build.0 = Release|Any CPU
		{D97F4153-9714-44C5-AFE5-52BEF5F7133A}.Debug|Any CPU.ActiveCfg = Debug|Any CPU
		{D97F4153-9714-44C5-AFE5-52BEF5F7133A}.Debug|Any CPU.Build.0 = Debug|Any CPU
		{D97F4153-9714-44C5-AFE5-52BEF5F7133A}.Release|Any CPU.ActiveCfg = Release|Any CPU
		{D97F4153-9714-44C5-AFE5-52BEF5F7133A}.Release|Any CPU.Build.0 = Release|Any CPU
		{69781838-2BF3-4E4B-819B-C7C39DBCB490}.Debug|Any CPU.ActiveCfg = Debug|Any CPU
		{69781838-2BF3-4E4B-819B-C7C39DBCB490}.Debug|Any CPU.Build.0 = Debug|Any CPU
		{69781838-2BF3-4E4B-819B-C7C39DBCB490}.Release|Any CPU.ActiveCfg = Release|Any CPU
		{69781838-2BF3-4E4B-819B-C7C39DBCB490}.Release|Any CPU.Build.0 = Release|Any CPU
		{FD0C5AB8-5F11-4E99-ABBA-2F8EB529768B}.Debug|Any CPU.ActiveCfg = Debug|Any CPU
		{FD0C5AB8-5F11-4E99-ABBA-2F8EB529768B}.Debug|Any CPU.Build.0 = Debug|Any CPU
		{FD0C5AB8-5F11-4E99-ABBA-2F8EB529768B}.Release|Any CPU.ActiveCfg = Release|Any CPU
		{FD0C5AB8-5F11-4E99-ABBA-2F8EB529768B}.Release|Any CPU.Build.0 = Release|Any CPU
		{C0F2377D-A2A4-48C4-9B64-C7C3FC1CA044}.Debug|Any CPU.ActiveCfg = Debug|Any CPU
		{C0F2377D-A2A4-48C4-9B64-C7C3FC1CA044}.Debug|Any CPU.Build.0 = Debug|Any CPU
		{C0F2377D-A2A4-48C4-9B64-C7C3FC1CA044}.Release|Any CPU.ActiveCfg = Release|Any CPU
		{C0F2377D-A2A4-48C4-9B64-C7C3FC1CA044}.Release|Any CPU.Build.0 = Release|Any CPU
		{F81709F4-A887-4A41-9762-7F47ADB45613}.Debug|Any CPU.ActiveCfg = Debug|Any CPU
		{F81709F4-A887-4A41-9762-7F47ADB45613}.Debug|Any CPU.Build.0 = Debug|Any CPU
		{F81709F4-A887-4A41-9762-7F47ADB45613}.Release|Any CPU.ActiveCfg = Release|Any CPU
		{F81709F4-A887-4A41-9762-7F47ADB45613}.Release|Any CPU.Build.0 = Release|Any CPU
	EndGlobalSection
	GlobalSection(SolutionProperties) = preSolution
		HideSolutionNode = FALSE
	EndGlobalSection
	GlobalSection(NestedProjects) = preSolution
		{89CB9204-A1A7-4B22-9D2E-25AF0FBFD26A} = {35A7A756-3114-4B54-ADD1-F6D3E306575F}
		{EBA100F7-A9B0-40AF-A048-F86C118C1D05} = {35A7A756-3114-4B54-ADD1-F6D3E306575F}
		{30BA78A4-8BC0-4C33-8FEB-FC1C8E32CE4C} = {DCCE42C7-C9D3-43DE-931D-B6A68FD0D1D3}
		{09347707-62E3-43D5-BE43-2E6C8B87FCE3} = {DCCE42C7-C9D3-43DE-931D-B6A68FD0D1D3}
		{68EF13BC-D092-4DC2-86F6-8534FA86DD71} = {35A7A756-3114-4B54-ADD1-F6D3E306575F}
		{152A6FDE-924F-43D0-BC6D-B37A5CE6F2D7} = {35A7A756-3114-4B54-ADD1-F6D3E306575F}
		{5CCF88FE-5585-4618-B2B0-6FAE2AA4D544} = {7691354C-D40D-47A9-8938-0532B1D3FF73}
		{33F5249D-0C3C-408D-B56B-74E1B686C725} = {5CCF88FE-5585-4618-B2B0-6FAE2AA4D544}
		{3186E5BB-AB1A-4EB5-B932-323BC078AE8A} = {33F5249D-0C3C-408D-B56B-74E1B686C725}
		{FE254DF2-0FE2-4826-8BE4-5A3FAEF1DC79} = {33F5249D-0C3C-408D-B56B-74E1B686C725}
		{D97F4153-9714-44C5-AFE5-52BEF5F7133A} = {33F5249D-0C3C-408D-B56B-74E1B686C725}
		{69781838-2BF3-4E4B-819B-C7C39DBCB490} = {33F5249D-0C3C-408D-B56B-74E1B686C725}
		{FD0C5AB8-5F11-4E99-ABBA-2F8EB529768B} = {33F5249D-0C3C-408D-B56B-74E1B686C725}
		{C0F2377D-A2A4-48C4-9B64-C7C3FC1CA044} = {33F5249D-0C3C-408D-B56B-74E1B686C725}
		{F81709F4-A887-4A41-9762-7F47ADB45613} = {33F5249D-0C3C-408D-B56B-74E1B686C725}
	EndGlobalSection
	GlobalSection(ExtensibilityGlobals) = postSolution
		SolutionGuid = {5B1BCCC3-8E74-4B30-98EF-A2FBC4E6CB7A}
	EndGlobalSection
EndGlobal
